
Microsoft Visual Studio Solution File, Format Version 12.00
# Visual Studio 2013
VisualStudioVersion = 12.0.40629.0
MinimumVisualStudioVersion = 10.0.40219.1
Project("{8BC9CEB8-8B4A-11D0-8D11-00A0C91BC942}") = "iris_localizator", "iris_localizator\iris_localizator.vcxproj", "{A5DF48D9-AE07-4EDF-9C03-B2E06E4123F8}"
	ProjectSection(ProjectDependencies) = postProject
		{8184C5E9-BA22-429D-A414-EF99F47314DB} = {8184C5E9-BA22-429D-A414-EF99F47314DB}
	EndProjectSection
EndProject
Project("{8BC9CEB8-8B4A-11D0-8D11-00A0C91BC942}") = "additional_utils", "additional_utils\additional_utils.vcxproj", "{8184C5E9-BA22-429D-A414-EF99F47314DB}"
EndProject
Global
	GlobalSection(SolutionConfigurationPlatforms) = preSolution
		Debug|Win32 = Debug|Win32
		Release|Win32 = Release|Win32
	EndGlobalSection
	GlobalSection(ProjectConfigurationPlatforms) = postSolution
		{A5DF48D9-AE07-4EDF-9C03-B2E06E4123F8}.Debug|Win32.ActiveCfg = Debug|Win32
		{A5DF48D9-AE07-4EDF-9C03-B2E06E4123F8}.Debug|Win32.Build.0 = Debug|Win32
		{A5DF48D9-AE07-4EDF-9C03-B2E06E4123F8}.Release|Win32.ActiveCfg = Release|Win32
		{A5DF48D9-AE07-4EDF-9C03-B2E06E4123F8}.Release|Win32.Build.0 = Release|Win32
		{8184C5E9-BA22-429D-A414-EF99F47314DB}.Debug|Win32.ActiveCfg = Debug|Win32
		{8184C5E9-BA22-429D-A414-EF99F47314DB}.Debug|Win32.Build.0 = Debug|Win32
		{8184C5E9-BA22-429D-A414-EF99F47314DB}.Release|Win32.ActiveCfg = Release|Win32
		{8184C5E9-BA22-429D-A414-EF99F47314DB}.Release|Win32.Build.0 = Release|Win32
	EndGlobalSection
	GlobalSection(SolutionProperties) = preSolution
		HideSolutionNode = FALSE
	EndGlobalSection
EndGlobal
